
Microsoft Visual Studio Solution File, Format Version 12.00
Project("{FAE04EC0-301F-11D3-BF4B-00C04F79EFBC}") = "GistCopy.Domain", "GistCopy.Domain\GistCopy.Domain.csproj", "{C1164897-D426-4059-A478-AB0DDBA1ED1F}"
EndProject
Project("{FAE04EC0-301F-11D3-BF4B-00C04F79EFBC}") = "GistCopy.Application", "GistCopy.Application\GistCopy.Application.csproj", "{ABFBF6D8-E0CE-4F2F-B555-3E6875E18EA7}"
EndProject
Project("{FAE04EC0-301F-11D3-BF4B-00C04F79EFBC}") = "GistCopy.WebApi", "GistCopy.WebApi\GistCopy.WebApi.csproj", "{6B9A1224-8B46-4275-A538-4E1E4DEDFEBE}"
EndProject
Project("{FAE04EC0-301F-11D3-BF4B-00C04F79EFBC}") = "GistCopy.Application.Tests", "GistCopy.Application.Tests\GistCopy.Application.Tests.csproj", "{C63DFDAF-82D8-4396-9D31-101D09420E7E}"
EndProject
Global
	GlobalSection(SolutionConfigurationPlatforms) = preSolution
		Debug|Any CPU = Debug|Any CPU
		Release|Any CPU = Release|Any CPU
	EndGlobalSection
	GlobalSection(ProjectConfigurationPlatforms) = postSolution
		{C1164897-D426-4059-A478-AB0DDBA1ED1F}.Debug|Any CPU.ActiveCfg = Debug|Any CPU
		{C1164897-D426-4059-A478-AB0DDBA1ED1F}.Debug|Any CPU.Build.0 = Debug|Any CPU
		{C1164897-D426-4059-A478-AB0DDBA1ED1F}.Release|Any CPU.ActiveCfg = Release|Any CPU
		{C1164897-D426-4059-A478-AB0DDBA1ED1F}.Release|Any CPU.Build.0 = Release|Any CPU
		{ABFBF6D8-E0CE-4F2F-B555-3E6875E18EA7}.Debug|Any CPU.ActiveCfg = Debug|Any CPU
		{ABFBF6D8-E0CE-4F2F-B555-3E6875E18EA7}.Debug|Any CPU.Build.0 = Debug|Any CPU
		{ABFBF6D8-E0CE-4F2F-B555-3E6875E18EA7}.Release|Any CPU.ActiveCfg = Release|Any CPU
		{ABFBF6D8-E0CE-4F2F-B555-3E6875E18EA7}.Release|Any CPU.Build.0 = Release|Any CPU
		{6B9A1224-8B46-4275-A538-4E1E4DEDFEBE}.Debug|Any CPU.ActiveCfg = Debug|Any CPU
		{6B9A1224-8B46-4275-A538-4E1E4DEDFEBE}.Debug|Any CPU.Build.0 = Debug|Any CPU
		{6B9A1224-8B46-4275-A538-4E1E4DEDFEBE}.Release|Any CPU.ActiveCfg = Release|Any CPU
		{6B9A1224-8B46-4275-A538-4E1E4DEDFEBE}.Release|Any CPU.Build.0 = Release|Any CPU
		{C63DFDAF-82D8-4396-9D31-101D09420E7E}.Debug|Any CPU.ActiveCfg = Debug|Any CPU
		{C63DFDAF-82D8-4396-9D31-101D09420E7E}.Debug|Any CPU.Build.0 = Debug|Any CPU
		{C63DFDAF-82D8-4396-9D31-101D09420E7E}.Release|Any CPU.ActiveCfg = Release|Any CPU
		{C63DFDAF-82D8-4396-9D31-101D09420E7E}.Release|Any CPU.Build.0 = Release|Any CPU
	EndGlobalSection
EndGlobal
